PODS:
  - Ads-CN-Beta (6.3.0.1):
    - Ads-CN-Beta/BUAdSDK (= 6.3.0.1)
  - Ads-CN-Beta/BUAdSDK (6.3.0.1)
  - Ads-CN-Beta/CSJMediation (6.3.0.1):
    - Ads-CN-Beta/BUAdSDK
  - AFNetworking (3.2.1):
    - AFNetworking/NSURLSession (= 3.2.1)
    - AFNetworking/Reachability (= 3.2.1)
    - AFNetworking/Security (= 3.2.1)
    - AFNetworking/Serialization (= 3.2.1)
    - AFNetworking/UIKit (= 3.2.1)
  - AFNetworking/NSURLSession (3.2.1):
    - AFNetworking/Reachability
    - AFNetworking/Security
    - AFNetworking/Serialization
  - AFNetworking/Reachability (3.2.1)
  - AFNetworking/Security (3.2.1)
  - AFNetworking/Serialization (3.2.1)
  - AFNetworking/UIKit (3.2.1):
    - AFNetworking/NSURLSession
  - BUDemoSource (1.0.0.0):
    - BUDemoSource/Demo (= 1.0.0.0)
  - BUDemoSource/CSJDemoResource (1.0.0.0)
  - BUDemoSource/CSJDemoSource (1.0.0.0):
    - AFNetworking
    - BUDemoSource/CSJDemoResource
    - BUDemoSource/CSJRelateSDK
    - Masonry
    - MBProgressHUD
    - MJRefresh
    - SDWebImage
  - BUDemoSource/CSJRelateSDK (1.0.0.0):
    - Ads-CN-Beta
    - Ads-CN-Beta/CSJMediation
  - BUDemoSource/Demo (1.0.0.0):
    - BUDemoSource/CSJDemoSource
    - BUDemoSource/MediationCustomAdapter
  - BUDemoSource/MediationCustomAdapter (1.0.0.0):
    - BUDemoSource/CSJRelateSDK
  - BUMentaCustomAdapter (5.20.27):
    - Ads-CN-Beta
    - Ads-CN-Beta/CSJMediation
    - MentaUnifiedSDK (~> 5.20.27)
    - MentaVlionAdapter (~> 5.20.27)
    - MentaVlionBaseSDK (~> 5.20.27)
    - MentaVlionSDK (~> 5.20.27)
  - Masonry (1.1.0)
  - MBProgressHUD (1.2.0)
  - MentaUnifiedSDK (5.20.27):
    - MentaVlionBaseSDK (~> 5.20.27)
  - MentaVlionAdapter (5.20.27):
    - MentaUnifiedSDK (~> 5.20.27)
    - MentaVlionSDK (~> 5.20.27)
  - MentaVlionBaseSDK (5.20.27)
  - MentaVlionSDK (5.20.27):
    - MentaVlionBaseSDK (~> 5.20.27)
  - MJRefresh (3.7.9)
  - SDWebImage (5.19.4):
    - SDWebImage/Core (= 5.19.4)
  - SDWebImage/Core (5.19.4)

DEPENDENCIES:
  - AFNetworking/UIKit (~> 3.0)
  - BUDemoSource (from `../`)
  - BUMentaCustomAdapter (from `../`)
  - Masonry
  - MBProgressHUD
  - MentaUnifiedSDK (from `/Users/jdy/Desktop/Menta-iOS/MentaUnifiedSDK.podspec`)
  - MentaVlionAdapter (from `/Users/jdy/Desktop/Menta-iOS/MentaVlionAdapter.podspec`)
  - MentaVlionBaseSDK (from `/Users/jdy/Desktop/Menta-iOS/MentaVlionBaseSDK.podspec`)
  - MentaVlionSDK (from `/Users/jdy/Desktop/Menta-iOS/MentaVlionSDK.podspec`)
  - MJRefresh
  - SDWebImage

SPEC REPOS:
  trunk:
    - Ads-CN-Beta
    - AFNetworking
    - Masonry
    - MBProgressHUD
    - MJRefresh
    - SDWebImage

EXTERNAL SOURCES:
  BUDemoSource:
    :path: "../"
  BUMentaCustomAdapter:
    :path: "../"
  MentaUnifiedSDK:
    :path: "/Users/jdy/Desktop/Menta-iOS/MentaUnifiedSDK.podspec"
  MentaVlionAdapter:
    :path: "/Users/jdy/Desktop/Menta-iOS/MentaVlionAdapter.podspec"
  MentaVlionBaseSDK:
    :path: "/Users/jdy/Desktop/Menta-iOS/MentaVlionBaseSDK.podspec"
  MentaVlionSDK:
    :path: "/Users/jdy/Desktop/Menta-iOS/MentaVlionSDK.podspec"

SPEC CHECKSUMS:
  Ads-CN-Beta: abc296ab020551ddbec4c36b9d13cd4c4d3a18bc
  AFNetworking: cb604b1c2bded0871f5f61f5d53653739e841d6b
  BUDemoSource: 30c23cf3c4805bf4061579e935649d3ee3385397
  BUMentaCustomAdapter: e39c688ad4586ca56c4923a3c35f920cc9257786
  Masonry: 678fab65091a9290e40e2832a55e7ab731aad201
  MBProgressHUD: 3ee5efcc380f6a79a7cc9b363dd669c5e1ae7406
  MentaUnifiedSDK: 0a92763b3c717009b6228bff2d3d2371f8177fc6
  MentaVlionAdapter: 6b74b1c5252ab35f44d90d9fb94f5a26ffcca4e5
  MentaVlionBaseSDK: 560f17e8e8a5ece6e678dbde55b3d50021f3fdd0
  MentaVlionSDK: a1881a3a73d91eca61826a9057a62149f66b2414
  MJRefresh: ff9e531227924c84ce459338414550a05d2aea78
  SDWebImage: 066c47b573f408f18caa467d71deace7c0f8280d

PODFILE CHECKSUM: e0b48d53a5386604e3e2c8fba1314eddb014485d

COCOAPODS: 1.15.2
