PODS:
  - Ads-CN-Beta (6.6.0.0):
    - Ads-CN-Beta/BUAdSDK (= 6.6.0.0)
  - Ads-CN-Beta/BUAdSDK (6.6.0.0)
  - Ads-CN-Beta/CSJMediation (6.6.0.0):
    - Ads-CN-Beta/BUAdSDK
  - AFNetworking (3.2.1):
    - AFNetworking/NSURLSession (= 3.2.1)
    - AFNetworking/Reachability (= 3.2.1)
    - AFNetworking/Security (= 3.2.1)
    - AFNetworking/Serialization (= 3.2.1)
    - AFNetworking/UIKit (= 3.2.1)
  - AFNetworking/NSURLSession (3.2.1):
    - AFNetworking/Reachability
    - AFNetworking/Security
    - AFNetworking/Serialization
  - AFNetworking/Reachability (3.2.1)
  - AFNetworking/Security (3.2.1)
  - AFNetworking/Serialization (3.2.1)
  - AFNetworking/UIKit (3.2.1):
    - AFNetworking/NSURLSession
  - BUDemoSource (1.0.0.0):
    - BUDemoSource/Demo (= 1.0.0.0)
  - BUDemoSource/CSJDemoResource (1.0.0.0)
  - BUDemoSource/CSJDemoSource (1.0.0.0):
    - AFNetworking
    - BUDemoSource/CSJDemoResource
    - BUDemoSource/CSJRelateSDK
    - Masonry
    - MBProgressHUD
    - MJRefresh
    - SDWebImage
  - BUDemoSource/CSJRelateSDK (1.0.0.0):
    - Ads-CN-Beta
    - Ads-CN-Beta/CSJMediation
  - BUDemoSource/Demo (1.0.0.0):
    - BUDemoSource/CSJDemoSource
    - BUDemoSource/MediationCustomAdapter
  - BUDemoSource/MediationCustomAdapter (1.0.0.0):
    - BUDemoSource/CSJRelateSDK
  - BUMentaCustomAdapter (6.00.19):
    - Ads-CN-Beta
    - Ads-CN-Beta/CSJMediation
    - MentaUnifiedSDK (~> 6.00.19)
    - MentaVlionAdapter (~> 6.00.19)
    - MentaVlionBaseSDK (~> 6.00.19)
    - MentaVlionSDK (~> 6.00.19)
  - Masonry (1.1.0)
  - MBProgressHUD (1.2.0)
  - MentaUnifiedSDK (6.00.19):
    - MentaVlionBaseSDK (~> 6.00.19)
  - MentaVlionAdapter (6.00.19):
    - MentaUnifiedSDK (~> 6.00.19)
    - MentaVlionSDK (~> 6.00.19)
  - MentaVlionBaseSDK (6.00.19)
  - MentaVlionSDK (6.00.19.1):
    - MentaVlionBaseSDK (~> 6.00.19)
  - MJRefresh (3.7.6)
  - SDWebImage (5.20.0):
    - SDWebImage/Core (= 5.20.0)
  - SDWebImage/Core (5.20.0)

DEPENDENCIES:
  - AFNetworking/UIKit (~> 3.0)
  - BUDemoSource (from `../`)
  - BUMentaCustomAdapter (from `../`)
  - Masonry
  - MBProgressHUD
  - MJRefresh
  - SDWebImage

SPEC REPOS:
  https://github.com/CocoaPods/Specs.git:
    - Ads-CN-Beta
    - AFNetworking
    - Masonry
    - MBProgressHUD
    - MentaUnifiedSDK
    - MentaVlionAdapter
    - MentaVlionBaseSDK
    - MentaVlionSDK
    - MJRefresh
    - SDWebImage

EXTERNAL SOURCES:
  BUDemoSource:
    :path: "../"
  BUMentaCustomAdapter:
    :path: "../"

SPEC CHECKSUMS:
  Ads-CN-Beta: d5271285b2ee327dd2fb8b2db71f03e291069db0
  AFNetworking: cb604b1c2bded0871f5f61f5d53653739e841d6b
  BUDemoSource: 30c23cf3c4805bf4061579e935649d3ee3385397
  BUMentaCustomAdapter: 1c6162fed7298baf6d82b352fee4e11ba3429224
  Masonry: 678fab65091a9290e40e2832a55e7ab731aad201
  MBProgressHUD: 3ee5efcc380f6a79a7cc9b363dd669c5e1ae7406
  MentaUnifiedSDK: 7db507335bc02da160fc77528d764e9371fb9753
  MentaVlionAdapter: 7732f135e2d7bad1cf918661481f9a6311980616
  MentaVlionBaseSDK: cbac7fc6f3fdea8ff26356376d4febee6edf974b
  MentaVlionSDK: d5e7311e815623544bb38426bb006cd8d9fd58c8
  MJRefresh: 2fe7fb43a5167ceda20bb7e63f130c04fd1814a5
  SDWebImage: 73c6079366fea25fa4bb9640d5fb58f0893facd8

PODFILE CHECKSUM: 77b2f5eda2679f70bd3ec4118e9979370f07cd68

COCOAPODS: 1.15.2
