PODS:
  - AFNetworking (3.2.1):
    - AFNetworking/NSURLSession (= 3.2.1)
    - AFNetworking/Reachability (= 3.2.1)
    - AFNetworking/Security (= 3.2.1)
    - AFNetworking/Serialization (= 3.2.1)
    - AFNetworking/UIKit (= 3.2.1)
  - AFNetworking/NSURLSession (3.2.1):
    - AFNetworking/Reachability
    - AFNetworking/Security
    - AFNetworking/Serialization
  - AFNetworking/Reachability (3.2.1)
  - AFNetworking/Security (3.2.1)
  - AFNetworking/Serialization (3.2.1)
  - AFNetworking/UIKit (3.2.1):
    - AFNetworking/NSURLSession
  - BUDemoSource (1.0.0.0):
    - BUDemoSource/Demo (= 1.0.0.0)
  - BUDemoSource/BUMentaCustomAdapter (1.0.0.0):
    - BUDemoSource/CSJRelateSDK
    - MentaUnifiedSDK (~> 7.00.09)
    - MentaVlionAdapter (~> 7.00.09)
    - MentaVlionBaseSDK (~> 7.00.09)
    - MentaVlionSDK (~> 7.00.09)
  - BUDemoSource/CSJDemoResource (1.0.0.0)
  - BUDemoSource/CSJDemoSource (1.0.0.0):
    - AFNetworking
    - BUDemoSource/CSJDemoResource
    - BUDemoSource/CSJRelateSDK
    - Masonry
    - MBProgressHUD
    - MJRefresh
    - SDWebImage
  - BUDemoSource/CSJRelateSDK (1.0.0.0)
  - BUDemoSource/Demo (1.0.0.0):
    - BUDemoSource/BUMentaCustomAdapter
    - BUDemoSource/CSJDemoSource
  - Masonry (1.1.0)
  - MBProgressHUD (1.2.0)
  - MentaUnifiedSDK (7.00.09):
    - MentaVlionBaseSDK (~> 7.00.09)
  - MentaVlionAdapter (7.00.09):
    - MentaUnifiedSDK (~> 7.00.09)
    - MentaVlionSDK (~> 7.00.09)
  - MentaVlionBaseSDK (7.00.09)
  - MentaVlionSDK (7.00.09):
    - MentaVlionBaseSDK (~> 7.00.09)
  - MJRefresh (3.7.6)
  - SDWebImage (5.21.4):
    - SDWebImage/Core (= 5.21.4)
  - SDWebImage/Core (5.21.4)

DEPENDENCIES:
  - AFNetworking/UIKit (~> 3.0)
  - BUDemoSource (from `../`)
  - Masonry
  - MBProgressHUD
  - MJRefresh
  - SDWebImage

SPEC REPOS:
  trunk:
    - AFNetworking
    - Masonry
    - MBProgressHUD
    - MentaUnifiedSDK
    - MentaVlionAdapter
    - MentaVlionBaseSDK
    - MentaVlionSDK
    - MJRefresh
    - SDWebImage

EXTERNAL SOURCES:
  BUDemoSource:
    :path: "../"

SPEC CHECKSUMS:
  AFNetworking: cb604b1c2bded0871f5f61f5d53653739e841d6b
  BUDemoSource: c17740613be0ada10955402d50d96eaf3627ccd0
  Masonry: 678fab65091a9290e40e2832a55e7ab731aad201
  MBProgressHUD: 3ee5efcc380f6a79a7cc9b363dd669c5e1ae7406
  MentaUnifiedSDK: 67bc3d2daca03bb7be6d8f3e13e7aa4332b0c017
  MentaVlionAdapter: ed1d904936d61e6024f4d43bc0bd1ccf58308f47
  MentaVlionBaseSDK: 2c0d28c64bdf8205452352c34296723e458adfa5
  MentaVlionSDK: b105de36542245a57b9376b4cb7d9d0f7aa4b758
  MJRefresh: 2fe7fb43a5167ceda20bb7e63f130c04fd1814a5
  SDWebImage: d0184764be51240d49c761c37f53dd017e1ccaaf

PODFILE CHECKSUM: 2755b26bcdbf8e179071fad19527926bb2cf426e

COCOAPODS: 1.16.2
